
Microsoft Visual Studio Solution File, Format Version 12.00
# Visual Studio Version 17
VisualStudioVersion = 17.4.33403.182
MinimumVisualStudioVersion = 10.0.40219.1
Project("{FAE04EC0-301F-11D3-BF4B-00C04F79EFBC}") = "CreateEmail", "CreateEmail.csproj", "{F6E80DE1-C31A-4480-8AD3-F79210F5B046}"
EndProject
Global
	GlobalSection(SolutionConfigurationPlatforms) = preSolution
		Debug|Any CPU = Debug|Any CPU
		Release|Any CPU = Release|Any CPU
	EndGlobalSection
	GlobalSection(ProjectConfigurationPlatforms) = postSolution
		{F6E80DE1-C31A-4480-8AD3-F79210F5B046}.Debug|Any CPU.ActiveCfg = Debug|Any CPU
		{F6E80DE1-C31A-4480-8AD3-F79210F5B046}.Debug|Any CPU.Build.0 = Debug|Any CPU
		{F6E80DE1-C31A-4480-8AD3-F79210F5B046}.Release|Any CPU.ActiveCfg = Release|Any CPU
		{F6E80DE1-C31A-4480-8AD3-F79210F5B046}.Release|Any CPU.Build.0 = Release|Any CPU
	EndGlobalSection
	GlobalSection(SolutionProperties) = preSolution
		HideSolutionNode = FALSE
	EndGlobalSection
	GlobalSection(ExtensibilityGlobals) = postSolution
		SolutionGuid = {67D016A7-28C7-4E55-AEDB-4AF234BEE13A}
	EndGlobalSection
EndGlobal
